
Microsoft Visual Studio Solution File, Format Version 12.00
# Visual Studio Version 16
VisualStudioVersion = 16.0.30611.23
MinimumVisualStudioVersion = 10.0.40219.1
Project("{9A19103F-16F7-4668-BE54-9A1E7A4F7556}") = "CoronaManagementSystem", "CoronaManagementSystem\CoronaManagementSystem.csproj", "{8A1CEE1B-7B5D-4FDB-B619-F85603AF2DC5}"
EndProject
Project("{FAE04EC0-301F-11D3-BF4B-00C04F79EFBC}") = "CoronaManagementSystem.Dal", "CoronaManagementSystem.Dal\CoronaManagementSystem.Dal.csproj", "{B6D7D8D6-C148-4D1C-BDED-35E30E6842D2}"
EndProject
Global
	GlobalSection(SolutionConfigurationPlatforms) = preSolution
		Debug|Any CPU = Debug|Any CPU
		Release|Any CPU = Release|Any CPU
	EndGlobalSection
	GlobalSection(ProjectConfigurationPlatforms) = postSolution
		{8A1CEE1B-7B5D-4FDB-B619-F85603AF2DC5}.Debug|Any CPU.ActiveCfg = Debug|Any CPU
		{8A1CEE1B-7B5D-4FDB-B619-F85603AF2DC5}.Debug|Any CPU.Build.0 = Debug|Any CPU
		{8A1CEE1B-7B5D-4FDB-B619-F85603AF2DC5}.Release|Any CPU.ActiveCfg = Release|Any CPU
		{8A1CEE1B-7B5D-4FDB-B619-F85603AF2DC5}.Release|Any CPU.Build.0 = Release|Any CPU
		{B6D7D8D6-C148-4D1C-BDED-35E30E6842D2}.Debug|Any CPU.ActiveCfg = Debug|Any CPU
		{B6D7D8D6-C148-4D1C-BDED-35E30E6842D2}.Debug|Any CPU.Build.0 = Debug|Any CPU
		{B6D7D8D6-C148-4D1C-BDED-35E30E6842D2}.Release|Any CPU.ActiveCfg = Release|Any CPU
		{B6D7D8D6-C148-4D1C-BDED-35E30E6842D2}.Release|Any CPU.Build.0 = Release|Any CPU
	EndGlobalSection
	GlobalSection(SolutionProperties) = preSolution
		HideSolutionNode = FALSE
	EndGlobalSection
	GlobalSection(ExtensibilityGlobals) = postSolution
		SolutionGuid = {05F68D4E-929A-4A21-AF61-937AE23DC6DD}
	EndGlobalSection
EndGlobal
